PATH
  remote: .
  specs:
    tribe-control (0.1.0)
      exsys
      parallel
      tty-logger
      uart
      ucl

GEM
  remote: https://rubygems.org/
  specs:
    exsys (0.6)
      uart
    parallel (1.27.0)
    pastel (0.8.0)
      tty-color (~> 0.5)
    ruby-termios (1.1.0)
    tty-color (0.6.0)
    tty-logger (0.6.0)
      pastel (~> 0.8)
    uart (1.0.0)
      ruby-termios
    ucl (0.2.0)

PLATFORMS
  aarch64-linux

DEPENDENCIES
  tribe-control!

BUNDLED WITH
   2.3.7
